Microsoft Visual Studio Solution File, Format Version 11.00
# Visual Studio 2008

Project("{9CEE4BD5-9004-6F5F-94F2-06BDA4A97943}") = "KimberlyMicallef2HND1", "Assembly-CSharp.csproj", "{3AB7246D-9FC7-5B28-C972-30CAECFB4496}"
EndProject
Project("{9CEE4BD5-9004-6F5F-94F2-06BDA4A97943}") = "KimberlyMicallef2HND1", "Assembly-UnityScript.unityproj", "{75848D87-65C8-6561-ED25-D5AE10E460B0}"
EndProject
Global
	GlobalSection(SolutionConfigurationPlatforms) = preSolution
		Debug|Any CPU = Debug|Any CPU
		Release|Any CPU = Release|Any CPU
	EndGlobalSection
	GlobalSection(ProjectConfigurationPlatforms) = postSolution
		{3AB7246D-9FC7-5B28-C972-30CAECFB4496}.Debug|Any CPU.ActiveCfg = Debug|Any CPU
		{3AB7246D-9FC7-5B28-C972-30CAECFB4496}.Debug|Any CPU.Build.0 = Debug|Any CPU
		{3AB7246D-9FC7-5B28-C972-30CAECFB4496}.Release|Any CPU.ActiveCfg = Release|Any CPU
		{3AB7246D-9FC7-5B28-C972-30CAECFB4496}.Release|Any CPU.Build.0 = Release|Any CPU
		{75848D87-65C8-6561-ED25-D5AE10E460B0}.Debug|Any CPU.ActiveCfg = Debug|Any CPU
		{75848D87-65C8-6561-ED25-D5AE10E460B0}.Debug|Any CPU.Build.0 = Debug|Any CPU
		{75848D87-65C8-6561-ED25-D5AE10E460B0}.Release|Any CPU.ActiveCfg = Release|Any CPU
		{75848D87-65C8-6561-ED25-D5AE10E460B0}.Release|Any CPU.Build.0 = Release|Any CPU
	EndGlobalSection
	GlobalSection(SolutionProperties) = preSolution
		HideSolutionNode = FALSE
	EndGlobalSection
																																																																														GlobalSection(MonoDevelopProperties) = preSolution
		StartupItem = Assembly-CSharp.csproj
		Policies = $0
		$0.TextStylePolicy = $1
		$1.inheritsSet = null
		$1.scope = text/x-csharp
		$0.CSharpFormattingPolicy = $2
		$2.inheritsSet = Mono
		$2.inheritsScope = text/x-csharp
		$2.scope = text/x-csharp
		$0.TextStylePolicy = $3
		$3.FileWidth = 120
		$3.TabWidth = 4
		$3.EolMarker = Unix
		$3.inheritsSet = Mono
		$3.inheritsScope = text/plain
		$3.scope = text/plain
	EndGlobalSection

EndGlobal
